// !$*UTF8*$!
{
	archiveVersion = 1;
	classes = {
	};
	objectVersion = 52;
	objects = {

/* Begin PBXBuildFile section */
		F3B18A3A260CBBE700A5F7FC /* algoAugmentedRealityApp.swift in Sources */ = {isa = PBXBuildFile; fileRef = F3B18A39260CBBE700A5F7FC /* algoAugmentedRealityApp.swift */; };
		F3B18A3C260CBBE700A5F7FC /* ContentView.swift in Sources */ = {isa = PBXBuildFile; fileRef = F3B18A3B260CBBE700A5F7FC /* ContentView.swift */; };
		F3B18A3E260CBBEA00A5F7FC /* Assets.xcassets in Resources */ = {isa = PBXBuildFile; fileRef = F3B18A3D260CBBEA00A5F7FC /* Assets.xcassets */; };
		F3B18A41260CBBEA00A5F7FC /* Preview Assets.xcassets in Resources */ = {isa = PBXBuildFile; fileRef = F3B18A40260CBBEA00A5F7FC /* Preview Assets.xcassets */; };
		F3E5A9F5260E8C07008968AB /* arView.swift in Sources */ = {isa = PBXBuildFile; fileRef = F3E5A9F4260E8C07008968AB /* arView.swift */; };
		F3E5A9FF260E991A008968AB /* AlgoAugment.rcproject in Sources */ = {isa = PBXBuildFile; fileRef = F3E5A9FE260E991A008968AB /* AlgoAugment.rcproject */; };
		F3E5AA03260EA3C9008968AB /* swift-algorand-sdk in Frameworks */ = {isa = PBXBuildFile; productRef = F3E5AA02260EA3C9008968AB /* swift-algorand-sdk */; };
/* End PBXBuildFile section */

/* Begin PBXFileReference section */
		F3B18A36260CBBE700A5F7FC /* algoAugmentedReality.app */ = {isa = PBXFileReference; explicitFileType = wrapper.application; includeInIndex = 0; path = algoAugmentedReality.app; sourceTree = BUILT_PRODUCTS_DIR; };
		F3B18A39260CBBE700A5F7FC /* algoAugmentedRealityApp.swift */ = {isa = PBXFileReference; lastKnownFileType = sourcecode.swift; path = algoAugmentedRealityApp.swift; sourceTree = "<group>"; };
		F3B18A3B260CBBE700A5F7FC /* ContentView.swift */ = {isa = PBXFileReference; lastKnownFileType = sourcecode.swift; path = ContentView.swift; sourceTree = "<group>"; };
		F3B18A3D260CBBEA00A5F7FC /* Assets.xcassets */ = {isa = PBXFileReference; lastKnownFileType = folder.assetcatalog; path = Assets.xcassets; sourceTree = "<group>"; };
		F3B18A40260CBBEA00A5F7FC /* Preview Assets.xcassets */ = {isa = PBXFileReference; lastKnownFileType = folder.assetcatalog; path = "Preview Assets.xcassets"; sourceTree = "<group>"; };
		F3B18A42260CBBEA00A5F7FC /* Info.plist */ = {isa = PBXFileReference; lastKnownFileType = text.plist.xml; path = Info.plist; sourceTree = "<group>"; };
		F3E5A9F4260E8C07008968AB /* arView.swift */ = {isa = PBXFileReference; lastKnownFileType = sourcecode.swift; path = arView.swift; sourceTree = "<group>"; };
		F3E5A9FE260E991A008968AB /* AlgoAugment.rcproject */ = {isa = PBXFileReference; lastKnownFileType = file.rcproject; path = AlgoAugment.rcproject; sourceTree = "<group>"; };
/* End PBXFileReference section */

/* Begin PBXFrameworksBuildPhase section */
		F3B18A33260CBBE700A5F7FC /* Frameworks */ = {
			isa = PBXFrameworksBuildPhase;
			buildActionMask = 2147483647;
			files = (
				F3E5AA03260EA3C9008968AB /* swift-algorand-sdk in Frameworks */,
			);
			runOnlyForDeploymentPostprocessing = 0;
		};
/* End PBXFrameworksBuildPhase section */

/* Begin PBXGroup section */
		F3B18A2D260CBBE700A5F7FC = {
			isa = PBXGroup;
			children = (
				F3B18A38260CBBE700A5F7FC /* algoAugmentedReality */,
				F3B18A37260CBBE700A5F7FC /* Products */,
			);
			sourceTree = "<group>";
		};
		F3B18A37260CBBE700A5F7FC /* Products */ = {
			isa = PBXGroup;
			children = (
				F3B18A36260CBBE700A5F7FC /* algoAugmentedReality.app */,
			);
			name = Products;
			sourceTree = "<group>";
		};
		F3B18A38260CBBE700A5F7FC /* algoAugmentedReality */ = {
			isa = PBXGroup;
			children = (
				F3B18A39260CBBE700A5F7FC /* algoAugmentedRealityApp.swift */,
				F3B18A3B260CBBE700A5F7FC /* ContentView.swift */,
				F3E5A9F4260E8C07008968AB /* arView.swift */,
				F3E5A9FE260E991A008968AB /* AlgoAugment.rcproject */,
				F3B18A3D260CBBEA00A5F7FC /* Assets.xcassets */,
				F3B18A42260CBBEA00A5F7FC /* Info.plist */,
				F3B18A3F260CBBEA00A5F7FC /* Preview Content */,
			);
			path = algoAugmentedReality;
			sourceTree = "<group>";
		};
		F3B18A3F260CBBEA00A5F7FC /* Preview Content */ = {
			isa = PBXGroup;
			children = (
				F3B18A40260CBBEA00A5F7FC /* Preview Assets.xcassets */,
			);
			path = "Preview Content";
			sourceTree = "<group>";
		};
/* End PBXGroup section */

/* Begin PBXNativeTarget section */
		F3B18A35260CBBE700A5F7FC /* algoAugmentedReality */ = {
			isa = PBXNativeTarget;
			buildConfigurationList = F3B18A45260CBBEA00A5F7FC /* Build configuration list for PBXNativeTarget "algoAugmentedReality" */;
			buildPhases = (
				F3B18A32260CBBE700A5F7FC /* Sources */,
				F3B18A33260CBBE700A5F7FC /* Frameworks */,
				F3B18A34260CBBE700A5F7FC /* Resources */,
			);
			buildRules = (
			);
			dependencies = (
			);
			name = algoAugmentedReality;
			packageProductDependencies = (
				F3E5AA02260EA3C9008968AB /* swift-algorand-sdk */,
			);
			productName = algoAugmentedReality;
			productReference = F3B18A36260CBBE700A5F7FC /* algoAugmentedReality.app */;
			productType = "com.apple.product-type.application";
		};
/* End PBXNativeTarget section */

/* Begin PBXProject section */
		F3B18A2E260CBBE700A5F7FC /* Project object */ = {
			isa = PBXProject;
			attributes = {
				LastSwiftUpdateCheck = 1240;
				LastUpgradeCheck = 1240;
				TargetAttributes = {
					F3B18A35260CBBE700A5F7FC = {
						CreatedOnToolsVersion = 12.4;
					};
				};
			};
			buildConfigurationList = F3B18A31260CBBE700A5F7FC /* Build configuration list for PBXProject "algoAugmentedReality" */;
			compatibilityVersion = "Xcode 9.3";
			developmentRegion = en;
			hasScannedForEncodings = 0;
			knownRegions = (
				en,
				Base,
			);
			mainGroup = F3B18A2D260CBBE700A5F7FC;
			packageReferences = (
				F3E5AA01260EA3C9008968AB /* XCRemoteSwiftPackageReference "Swift-Algorand-Sdk" */,
			);
			productRefGroup = F3B18A37260CBBE700A5F7FC /* Products */;
			projectDirPath = "";
			projectRoot = "";
			targets = (
				F3B18A35260CBBE700A5F7FC /* algoAugmentedReality */,
			);
		};
/* End PBXProject section */

/* Begin PBXResourcesBuildPhase section */
		F3B18A34260CBBE700A5F7FC /* Resources */ = {
			isa = PBXResourcesBuildPhase;
			buildActionMask = 2147483647;
			files = (
				F3B18A41260CBBEA00A5F7FC /* Preview Assets.xcassets in Resources */,
				F3B18A3E260CBBEA00A5F7FC /* Assets.xcassets in Resources */,
			);
			runOnlyForDeploymentPostprocessing = 0;
		};
/* End PBXResourcesBuildPhase section */

/* Begin PBXSourcesBuildPhase section */
		F3B18A32260CBBE700A5F7FC /* Sources */ = {
			isa = PBXSourcesBuildPhase;
			buildActionMask = 2147483647;
			files = (
				F3B18A3C260CBBE700A5F7FC /* ContentView.swift in Sources */,
				F3E5A9F5260E8C07008968AB /* arView.swift in Sources */,
				F3B18A3A260CBBE700A5F7FC /* algoAugmentedRealityApp.swift in Sources */,
				F3E5A9FF260E991A008968AB /* AlgoAugment.rcproject in Sources */,
			);
			runOnlyForDeploymentPostprocessing = 0;
		};
/* End PBXSourcesBuildPhase section */

/* Begin XCBuildConfiguration section */
		F3B18A43260CBBEA00A5F7FC /* Debug */ = {
			isa = XCBuildConfiguration;
			buildSettings = {
				ALWAYS_SEARCH_USER_PATHS = NO;
				CLANG_ANALYZER_NONNULL = YES;
				CLANG_ANALYZER_NUMBER_OBJECT_CONVERSION = YES_AGGRESSIVE;
				CLANG_CXX_LANGUAGE_STANDARD = "gnu++14";
				CLANG_CXX_LIBRARY = "libc++";
				CLANG_ENABLE_MODULES = YES;
				CLANG_ENABLE_OBJC_ARC = YES;
				CLANG_ENABLE_OBJC_WEAK = YES;
				CLANG_WARN_BLOCK_CAPTURE_AUTORELEASING = YES;
				CLANG_WARN_BOOL_CONVERSION = YES;
				CLANG_WARN_COMMA = YES;
				CLANG_WARN_CONSTANT_CONVERSION = YES;
				CLANG_WARN_DEPRECATED_OBJC_IMPLEMENTATIONS = YES;
				CLANG_WARN_DIRECT_OBJC_ISA_USAGE = YES_ERROR;
				CLANG_WARN_DOCUMENTATION_COMMENTS = YES;
				CLANG_WARN_EMPTY_BODY = YES;
				CLANG_WARN_ENUM_CONVERSION = YES;
				CLANG_WARN_INFINITE_RECURSION = YES;
				CLANG_WARN_INT_CONVERSION = YES;
				CLANG_WARN_NON_LITERAL_NULL_CONVERSION = YES;
				CLANG_WARN_OBJC_IMPLICIT_RETAIN_SELF = YES;
				CLANG_WARN_OBJC_LITERAL_CONVERSION = YES;
				CLANG_WARN_OBJC_ROOT_CLASS = YES_ERROR;
				CLANG_WARN_QUOTED_INCLUDE_IN_FRAMEWORK_HEADER = YES;
				CLANG_WARN_RANGE_LOOP_ANALYSIS = YES;
				CLANG_WARN_STRICT_PROTOTYPES = YES;
				CLANG_WARN_SUSPICIOUS_MOVE = YES;
				CLANG_WARN_UNGUARDED_AVAILABILITY = YES_AGGRESSIVE;
				CLANG_WARN_UNREACHABLE_CODE = YES;
				CLANG_WARN__DUPLICATE_METHOD_MATCH = YES;
				COPY_PHASE_STRIP = NO;
				DEBUG_INFORMATION_FORMAT = dwarf;
				ENABLE_STRICT_OBJC_MSGSEND = YES;
				ENABLE_TESTABILITY = YES;
				GCC_C_LANGUAGE_STANDARD = gnu11;
				GCC_DYNAMIC_NO_PIC = NO;
				GCC_NO_COMMON_BLOCKS = YES;
				GCC_OPTIMIZATION_LEVEL = 0;
				GCC_PREPROCESSOR_DEFINITIONS = (
					"DEBUG=1",
					"$(inherited)",
				);
				GCC_WARN_64_TO_32_BIT_CONVERSION = YES;
				GCC_WARN_ABOUT_RETURN_TYPE = YES_ERROR;
				GCC_WARN_UNDECLARED_SELECTOR = YES;
				GCC_WARN_UNINITIALIZED_AUTOS = YES_AGGRESSIVE;
				GCC_WARN_UNUSED_FUNCTION = YES;
				GCC_WARN_UNUSED_VARIABLE = YES;
				IPHONEOS_DEPLOYMENT_TARGET = 14.3;
				MTL_ENABLE_DEBUG_INFO = INCLUDE_SOURCE;
				MTL_FAST_MATH = YES;
				ONLY_ACTIVE_ARCH = YES;
				SDKROOT = iphoneos;
				SWIFT_ACTIVE_COMPILATION_CONDITIONS = DEBUG;
				SWIFT_OPTIMIZATION_LEVEL = "-Onone";
			};
			name = Debug;
		};
		F3B18A44260CBBEA00A5F7FC /* Release */ = {
			isa = XCBuildConfiguration;
			buildSettings = {
				ALWAYS_SEARCH_USER_PATHS = NO;
				CLANG_ANALYZER_NONNULL = YES;
				CLANG_ANALYZER_NUMBER_OBJECT_CONVERSION = YES_AGGRESSIVE;
				CLANG_CXX_LANGUAGE_STANDARD = "gnu++14";
				CLANG_CXX_LIBRARY = "libc++";
				CLANG_ENABLE_MODULES = YES;
				CLANG_ENABLE_OBJC_ARC = YES;
				CLANG_ENABLE_OBJC_WEAK = YES;
				CLANG_WARN_BLOCK_CAPTURE_AUTORELEASING = YES;
				CLANG_WARN_BOOL_CONVERSION = YES;
				CLANG_WARN_COMMA = YES;
				CLANG_WARN_CONSTANT_CONVERSION = YES;
				CLANG_WARN_DEPRECATED_OBJC_IMPLEMENTATIONS = YES;
				CLANG_WARN_DIRECT_OBJC_ISA_USAGE = YES_ERROR;
				CLANG_WARN_DOCUMENTATION_COMMENTS = YES;
				CLANG_WARN_EMPTY_BODY = YES;
				CLANG_WARN_ENUM_CONVERSION = YES;
				CLANG_WARN_INFINITE_RECURSION = YES;
				CLANG_WARN_INT_CONVERSION = YES;
				CLANG_WARN_NON_LITERAL_NULL_CONVERSION = YES;
				CLANG_WARN_OBJC_IMPLICIT_RETAIN_SELF = YES;
				CLANG_WARN_OBJC_LITERAL_CONVERSION = YES;
				CLANG_WARN_OBJC_ROOT_CLASS = YES_ERROR;
				CLANG_WARN_QUOTED_INCLUDE_IN_FRAMEWORK_HEADER = YES;
				CLANG_WARN_RANGE_LOOP_ANALYSIS = YES;
				CLANG_WARN_STRICT_PROTOTYPES = YES;
				CLANG_WARN_SUSPICIOUS_MOVE = YES;
				CLANG_WARN_UNGUARDED_AVAILABILITY = YES_AGGRESSIVE;
				CLANG_WARN_UNREACHABLE_CODE = YES;
				CLANG_WARN__DUPLICATE_METHOD_MATCH = YES;
				COPY_PHASE_STRIP = NO;
				DEBUG_INFORMATION_FORMAT = "dwarf-with-dsym";
				ENABLE_NS_ASSERTIONS = NO;
				ENABLE_STRICT_OBJC_MSGSEND = YES;
				GCC_C_LANGUAGE_STANDARD = gnu11;
				GCC_NO_COMMON_BLOCKS = YES;
				GCC_WARN_64_TO_32_BIT_CONVERSION = YES;
				GCC_WARN_ABOUT_RETURN_TYPE = YES_ERROR;
				GCC_WARN_UNDECLARED_SELECTOR = YES;
				GCC_WARN_UNINITIALIZED_AUTOS = YES_AGGRESSIVE;
				GCC_WARN_UNUSED_FUNCTION = YES;
				GCC_WARN_UNUSED_VARIABLE = YES;
				IPHONEOS_DEPLOYMENT_TARGET = 14.3;
				MTL_ENABLE_DEBUG_INFO = NO;
				MTL_FAST_MATH = YES;
				SDKROOT = iphoneos;
				SWIFT_COMPILATION_MODE = wholemodule;
				SWIFT_OPTIMIZATION_LEVEL = "-O";
				VALIDATE_PRODUCT = YES;
			};
			name = Release;
		};
		F3B18A46260CBBEA00A5F7FC /* Debug */ = {
			isa = XCBuildConfiguration;
			buildSettings = {
				ASSETCATALOG_COMPILER_APPICON_NAME = AppIcon;
				ASSETCATALOG_COMPILER_GLOBAL_ACCENT_COLOR_NAME = AccentColor;
				CODE_SIGN_STYLE = Automatic;
				DEVELOPMENT_ASSET_PATHS = "\"algoAugmentedReality/Preview Content\"";
				DEVELOPMENT_TEAM = 78F53PVES8;
				ENABLE_PREVIEWS = YES;
				INFOPLIST_FILE = algoAugmentedReality/Info.plist;
				IPHONEOS_DEPLOYMENT_TARGET = 14.0;
				LD_RUNPATH_SEARCH_PATHS = (
					"$(inherited)",
					"@executable_path/Frameworks",
				);
				PRODUCT_BUNDLE_IDENTIFIER = com3dlifestudio.algoAugmentedReality;
				PRODUCT_NAME = "$(TARGET_NAME)";
				SWIFT_VERSION = 5.0;
				TARGETED_DEVICE_FAMILY = "1,2";
			};
			name = Debug;
		};
		F3B18A47260CBBEA00A5F7FC /* Release */ = {
			isa = XCBuildConfiguration;
			buildSettings = {
				ASSETCATALOG_COMPILER_APPICON_NAME = AppIcon;
				ASSETCATALOG_COMPILER_GLOBAL_ACCENT_COLOR_NAME = AccentColor;
				CODE_SIGN_STYLE = Automatic;
				DEVELOPMENT_ASSET_PATHS = "\"algoAugmentedReality/Preview Content\"";
				DEVELOPMENT_TEAM = 78F53PVES8;
				ENABLE_PREVIEWS = YES;
				INFOPLIST_FILE = algoAugmentedReality/Info.plist;
				IPHONEOS_DEPLOYMENT_TARGET = 14.0;
				LD_RUNPATH_SEARCH_PATHS = (
					"$(inherited)",
					"@executable_path/Frameworks",
				);
				PRODUCT_BUNDLE_IDENTIFIER = com3dlifestudio.algoAugmentedReality;
				PRODUCT_NAME = "$(TARGET_NAME)";
				SWIFT_VERSION = 5.0;
				TARGETED_DEVICE_FAMILY = "1,2";
			};
			name = Release;
		};
/* End XCBuildConfiguration section */

/* Begin XCConfigurationList section */
		F3B18A31260CBBE700A5F7FC /* Build configuration list for PBXProject "algoAugmentedReality" */ = {
			isa = XCConfigurationList;
			buildConfigurations = (
				F3B18A43260CBBEA00A5F7FC /* Debug */,
				F3B18A44260CBBEA00A5F7FC /* Release */,
			);
			defaultConfigurationIsVisible = 0;
			defaultConfigurationName = Release;
		};
		F3B18A45260CBBEA00A5F7FC /* Build configuration list for PBXNativeTarget "algoAugmentedReality" */ = {
			isa = XCConfigurationList;
			buildConfigurations = (
				F3B18A46260CBBEA00A5F7FC /* Debug */,
				F3B18A47260CBBEA00A5F7FC /* Release */,
			);
			defaultConfigurationIsVisible = 0;
			defaultConfigurationName = Release;
		};
/* End XCConfigurationList section */

/* Begin XCRemoteSwiftPackageReference section */
		F3E5AA01260EA3C9008968AB /* XCRemoteSwiftPackageReference "Swift-Algorand-Sdk" */ = {
			isa = XCRemoteSwiftPackageReference;
			repositoryURL = "https://github.com/Jesulonimi21/Swift-Algorand-Sdk.git";
			requirement = {
				branch = main;
				kind = branch;
			};
		};
/* End XCRemoteSwiftPackageReference section */

/* Begin XCSwiftPackageProductDependency section */
		F3E5AA02260EA3C9008968AB /* swift-algorand-sdk */ = {
			isa = XCSwiftPackageProductDependency;
			package = F3E5AA01260EA3C9008968AB /* XCRemoteSwiftPackageReference "Swift-Algorand-Sdk" */;
			productName = "swift-algorand-sdk";
		};
/* End XCSwiftPackageProductDependency section */
	};
	rootObject = F3B18A2E260CBBE700A5F7FC /* Project object */;
}
